PODS:
  - Nuke (10.7.1)
  - SwiftFormat/CLI (0.50.7)

DEPENDENCIES:
  - Nuke
  - SwiftFormat/CLI

SPEC REPOS:
  trunk:
    - Nuke
    - SwiftFormat

SPEC CHECKSUMS:
  Nuke: 279f17a599fd1c83cf51de5e0e1f2db143a287b0
  SwiftFormat: 4fcf72ee44c7198255108c22ed7135c38a36ba6b

PODFILE CHECKSUM: 304bf5d4c7e49ff2de4fdffeaea4928e39898218

COCOAPODS: 1.11.3
